
Microsoft Visual Studio Solution File, Format Version 12.00
# Visual Studio 15
VisualStudioVersion = 15.0.28307.168
MinimumVisualStudioVersion = 10.0.40219.1
Project("{FAE04EC0-301F-11D3-BF4B-00C04F79EFBC}") = "AcronymGenerator", "AcronymGenerator\AcronymGenerator.csproj", "{7901A36A-1669-4E5C-8646-0ED6CDCFF412}"
EndProject
Project("{FAE04EC0-301F-11D3-BF4B-00C04F79EFBC}") = "UnitTests_AcronymGenerator", "UnitTests_AcronymGenerator\UnitTests_AcronymGenerator.csproj", "{8C7D5967-66C1-4FCB-B8E8-E4361D2AEAD7}"
EndProject
Global
	GlobalSection(SolutionConfigurationPlatforms) = preSolution
		Debug|Any CPU = Debug|Any CPU
		Release|Any CPU = Release|Any CPU
	EndGlobalSection
	GlobalSection(ProjectConfigurationPlatforms) = postSolution
		{7901A36A-1669-4E5C-8646-0ED6CDCFF412}.Debug|Any CPU.ActiveCfg = Debug|Any CPU
		{7901A36A-1669-4E5C-8646-0ED6CDCFF412}.Debug|Any CPU.Build.0 = Debug|Any CPU
		{7901A36A-1669-4E5C-8646-0ED6CDCFF412}.Release|Any CPU.ActiveCfg = Release|Any CPU
		{7901A36A-1669-4E5C-8646-0ED6CDCFF412}.Release|Any CPU.Build.0 = Release|Any CPU
		{8C7D5967-66C1-4FCB-B8E8-E4361D2AEAD7}.Debug|Any CPU.ActiveCfg = Debug|Any CPU
		{8C7D5967-66C1-4FCB-B8E8-E4361D2AEAD7}.Debug|Any CPU.Build.0 = Debug|Any CPU
		{8C7D5967-66C1-4FCB-B8E8-E4361D2AEAD7}.Release|Any CPU.ActiveCfg = Release|Any CPU
		{8C7D5967-66C1-4FCB-B8E8-E4361D2AEAD7}.Release|Any CPU.Build.0 = Release|Any CPU
	EndGlobalSection
	GlobalSection(SolutionProperties) = preSolution
		HideSolutionNode = FALSE
	EndGlobalSection
	GlobalSection(ExtensibilityGlobals) = postSolution
		SolutionGuid = {983C9EB8-CF2A-452E-A4E6-9CD71139EFF0}
	EndGlobalSection
EndGlobal
