
Microsoft Visual Studio Solution File, Format Version 12.00
# Visual Studio 15
VisualStudioVersion = 15.0.28307.168
MinimumVisualStudioVersion = 10.0.40219.1
Project("{FAE04EC0-301F-11D3-BF4B-00C04F79EFBC}") = "BinarySearch", "BinarySearch\BinarySearch.csproj", "{234DF867-E89C-4447-9417-54D40465B774}"
EndProject
Global
	GlobalSection(SolutionConfigurationPlatforms) = preSolution
		Debug|Any CPU = Debug|Any CPU
		Release|Any CPU = Release|Any CPU
	EndGlobalSection
	GlobalSection(ProjectConfigurationPlatforms) = postSolution
		{234DF867-E89C-4447-9417-54D40465B774}.Debug|Any CPU.ActiveCfg = Debug|Any CPU
		{234DF867-E89C-4447-9417-54D40465B774}.Debug|Any CPU.Build.0 = Debug|Any CPU
		{234DF867-E89C-4447-9417-54D40465B774}.Release|Any CPU.ActiveCfg = Release|Any CPU
		{234DF867-E89C-4447-9417-54D40465B774}.Release|Any CPU.Build.0 = Release|Any CPU
	EndGlobalSection
	GlobalSection(SolutionProperties) = preSolution
		HideSolutionNode = FALSE
	EndGlobalSection
	GlobalSection(ExtensibilityGlobals) = postSolution
		SolutionGuid = {1C96A873-8E3A-4AF9-8D11-47D8D721F618}
	EndGlobalSection
EndGlobal
