
Microsoft Visual Studio Solution File, Format Version 12.00
# Visual Studio 15
VisualStudioVersion = 15.0.28307.168
MinimumVisualStudioVersion = 10.0.40219.1
Project("{FAE04EC0-301F-11D3-BF4B-00C04F79EFBC}") = "MultiBracketValidation", "MultiBracketValidation\MultiBracketValidation.csproj", "{7683EE95-E196-4D0F-8014-FE150ACCC976}"
EndProject
Project("{FAE04EC0-301F-11D3-BF4B-00C04F79EFBC}") = "UnitTests_MultiBracketValidation", "UnitTests_MultiBracketValidation\UnitTests_MultiBracketValidation.csproj", "{5B7D16D7-C0EC-415C-BD0D-44656855B332}"
EndProject
Global
	GlobalSection(SolutionConfigurationPlatforms) = preSolution
		Debug|Any CPU = Debug|Any CPU
		Release|Any CPU = Release|Any CPU
	EndGlobalSection
	GlobalSection(ProjectConfigurationPlatforms) = postSolution
		{7683EE95-E196-4D0F-8014-FE150ACCC976}.Debug|Any CPU.ActiveCfg = Debug|Any CPU
		{7683EE95-E196-4D0F-8014-FE150ACCC976}.Debug|Any CPU.Build.0 = Debug|Any CPU
		{7683EE95-E196-4D0F-8014-FE150ACCC976}.Release|Any CPU.ActiveCfg = Release|Any CPU
		{7683EE95-E196-4D0F-8014-FE150ACCC976}.Release|Any CPU.Build.0 = Release|Any CPU
		{5B7D16D7-C0EC-415C-BD0D-44656855B332}.Debug|Any CPU.ActiveCfg = Debug|Any CPU
		{5B7D16D7-C0EC-415C-BD0D-44656855B332}.Debug|Any CPU.Build.0 = Debug|Any CPU
		{5B7D16D7-C0EC-415C-BD0D-44656855B332}.Release|Any CPU.ActiveCfg = Release|Any CPU
		{5B7D16D7-C0EC-415C-BD0D-44656855B332}.Release|Any CPU.Build.0 = Release|Any CPU
	EndGlobalSection
	GlobalSection(SolutionProperties) = preSolution
		HideSolutionNode = FALSE
	EndGlobalSection
	GlobalSection(ExtensibilityGlobals) = postSolution
		SolutionGuid = {0053C226-863E-465B-AF61-581046114B71}
	EndGlobalSection
EndGlobal
