
Microsoft Visual Studio Solution File, Format Version 12.00
# Visual Studio 15
VisualStudioVersion = 15.0.28307.168
MinimumVisualStudioVersion = 10.0.40219.1
Project("{FAE04EC0-301F-11D3-BF4B-00C04F79EFBC}") = "BreadthFirstTraversal", "BreadthFirstTraversal\BreadthFirstTraversal.csproj", "{05F0F726-8C27-4356-8980-0993900A25C4}"
EndProject
Project("{FAE04EC0-301F-11D3-BF4B-00C04F79EFBC}") = "UnitTests_BreadthFirstTraversal", "UnitTests_BreadthFirstTraversal\UnitTests_BreadthFirstTraversal.csproj", "{7939327A-8786-4EEB-9FE9-13B042E37734}"
EndProject
Global
	GlobalSection(SolutionConfigurationPlatforms) = preSolution
		Debug|Any CPU = Debug|Any CPU
		Release|Any CPU = Release|Any CPU
	EndGlobalSection
	GlobalSection(ProjectConfigurationPlatforms) = postSolution
		{05F0F726-8C27-4356-8980-0993900A25C4}.Debug|Any CPU.ActiveCfg = Debug|Any CPU
		{05F0F726-8C27-4356-8980-0993900A25C4}.Debug|Any CPU.Build.0 = Debug|Any CPU
		{05F0F726-8C27-4356-8980-0993900A25C4}.Release|Any CPU.ActiveCfg = Release|Any CPU
		{05F0F726-8C27-4356-8980-0993900A25C4}.Release|Any CPU.Build.0 = Release|Any CPU
		{7939327A-8786-4EEB-9FE9-13B042E37734}.Debug|Any CPU.ActiveCfg = Debug|Any CPU
		{7939327A-8786-4EEB-9FE9-13B042E37734}.Debug|Any CPU.Build.0 = Debug|Any CPU
		{7939327A-8786-4EEB-9FE9-13B042E37734}.Release|Any CPU.ActiveCfg = Release|Any CPU
		{7939327A-8786-4EEB-9FE9-13B042E37734}.Release|Any CPU.Build.0 = Release|Any CPU
	EndGlobalSection
	GlobalSection(SolutionProperties) = preSolution
		HideSolutionNode = FALSE
	EndGlobalSection
	GlobalSection(ExtensibilityGlobals) = postSolution
		SolutionGuid = {8BC2BC52-787D-4E65-8F31-52B5D7F9416E}
	EndGlobalSection
EndGlobal
