
Microsoft Visual Studio Solution File, Format Version 12.00
# Visual Studio 15
VisualStudioVersion = 15.0.28307.168
MinimumVisualStudioVersion = 10.0.40219.1
Project("{FAE04EC0-301F-11D3-BF4B-00C04F79EFBC}") = "ll_kth_from_end", "ll_kth_from_end\ll_kth_from_end.csproj", "{F94C08D3-6DC7-4676-8FA4-11D2DE594450}"
EndProject
Project("{FAE04EC0-301F-11D3-BF4B-00C04F79EFBC}") = "UnitTests", "UnitTests\UnitTests.csproj", "{3C05E358-6904-49CB-8F6B-FEA45C06E728}"
EndProject
Global
	GlobalSection(SolutionConfigurationPlatforms) = preSolution
		Debug|Any CPU = Debug|Any CPU
		Release|Any CPU = Release|Any CPU
	EndGlobalSection
	GlobalSection(ProjectConfigurationPlatforms) = postSolution
		{F94C08D3-6DC7-4676-8FA4-11D2DE594450}.Debug|Any CPU.ActiveCfg = Debug|Any CPU
		{F94C08D3-6DC7-4676-8FA4-11D2DE594450}.Debug|Any CPU.Build.0 = Debug|Any CPU
		{F94C08D3-6DC7-4676-8FA4-11D2DE594450}.Release|Any CPU.ActiveCfg = Release|Any CPU
		{F94C08D3-6DC7-4676-8FA4-11D2DE594450}.Release|Any CPU.Build.0 = Release|Any CPU
		{3C05E358-6904-49CB-8F6B-FEA45C06E728}.Debug|Any CPU.ActiveCfg = Debug|Any CPU
		{3C05E358-6904-49CB-8F6B-FEA45C06E728}.Debug|Any CPU.Build.0 = Debug|Any CPU
		{3C05E358-6904-49CB-8F6B-FEA45C06E728}.Release|Any CPU.ActiveCfg = Release|Any CPU
		{3C05E358-6904-49CB-8F6B-FEA45C06E728}.Release|Any CPU.Build.0 = Release|Any CPU
	EndGlobalSection
	GlobalSection(SolutionProperties) = preSolution
		HideSolutionNode = FALSE
	EndGlobalSection
	GlobalSection(ExtensibilityGlobals) = postSolution
		SolutionGuid = {254C84D4-4D5F-4116-BA1F-9BDB780F0BC5}
	EndGlobalSection
EndGlobal
